
Microsoft Visual Studio Solution File, Format Version 12.00
# Visual Studio 2015
Project("{FAE04EC0-301F-11D3-BF4B-00C04F79EFBC}") = "MainProject-master", "MainProject-master.csproj", "{9A82C16A-8258-D833-4088-9F27BCBFCB78}"
EndProject
Project("{FAE04EC0-301F-11D3-BF4B-00C04F79EFBC}") = "MainProject-master.Editor", "MainProject-master.Editor.csproj", "{5873C541-3274-AF35-C3CC-902461AA1E71}"
EndProject
Global
	GlobalSection(SolutionConfigurationPlatforms) = preSolution
		Debug|Any CPU = Debug|Any CPU
		Release|Any CPU = Release|Any CPU
	EndGlobalSection
	GlobalSection(ProjectConfigurationPlatforms) = postSolution
		{9A82C16A-8258-D833-4088-9F27BCBFCB78}.Debug|Any CPU.ActiveCfg = Debug|Any CPU
		{9A82C16A-8258-D833-4088-9F27BCBFCB78}.Debug|Any CPU.Build.0 = Debug|Any CPU
		{9A82C16A-8258-D833-4088-9F27BCBFCB78}.Release|Any CPU.ActiveCfg = Release|Any CPU
		{9A82C16A-8258-D833-4088-9F27BCBFCB78}.Release|Any CPU.Build.0 = Release|Any CPU
		{5873C541-3274-AF35-C3CC-902461AA1E71}.Debug|Any CPU.ActiveCfg = Debug|Any CPU
		{5873C541-3274-AF35-C3CC-902461AA1E71}.Debug|Any CPU.Build.0 = Debug|Any CPU
		{5873C541-3274-AF35-C3CC-902461AA1E71}.Release|Any CPU.ActiveCfg = Release|Any CPU
		{5873C541-3274-AF35-C3CC-902461AA1E71}.Release|Any CPU.Build.0 = Release|Any CPU
	EndGlobalSection
	GlobalSection(SolutionProperties) = preSolution
		HideSolutionNode = FALSE
	EndGlobalSection
EndGlobal
